
Microsoft Visual Studio Solution File, Format Version 12.00
# Visual Studio Version 17
VisualStudioVersion = 17.3.32929.385
MinimumVisualStudioVersion = 10.0.40219.1
Project("{9A19103F-16F7-4668-BE54-9A1E7A4F7556}") = "Workspace", "Workspace.csproj", "{FEDA5DEF-D445-4E26-A767-94677440DA5B}"
EndProject
Global
	GlobalSection(SolutionConfigurationPlatforms) = preSolution
		Debug|Any CPU = Debug|Any CPU
		Release|Any CPU = Release|Any CPU
	EndGlobalSection
	GlobalSection(ProjectConfigurationPlatforms) = postSolution
		{FEDA5DEF-D445-4E26-A767-94677440DA5B}.Debug|Any CPU.ActiveCfg = Debug|Any CPU
		{FEDA5DEF-D445-4E26-A767-94677440DA5B}.Debug|Any CPU.Build.0 = Debug|Any CPU
		{FEDA5DEF-D445-4E26-A767-94677440DA5B}.Release|Any CPU.ActiveCfg = Release|Any CPU
		{FEDA5DEF-D445-4E26-A767-94677440DA5B}.Release|Any CPU.Build.0 = Release|Any CPU
	EndGlobalSection
	GlobalSection(SolutionProperties) = preSolution
		HideSolutionNode = FALSE
	EndGlobalSection
	GlobalSection(ExtensibilityGlobals) = postSolution
		SolutionGuid = {A67C5096-4615-477A-8685-5A992CCC96A2}
	EndGlobalSection
EndGlobal
